
Microsoft Visual Studio Solution File, Format Version 12.00
# Visual Studio Version 16
VisualStudioVersion = 16.0.30413.136
MinimumVisualStudioVersion = 15.0.26124.0
Project("{2150E333-8FDC-42A3-9474-1A3956D46DE8}") = "Tests", "Tests", "{C6AB3EA7-A811-494E-ADF2-1D923236CEA5}"
EndProject
Project("{9A19103F-16F7-4668-BE54-9A1E7A4F7556}") = "SimConnect.net.Test", "SimConnect.net.Test\SimConnect.net.Test.csproj", "{1185A788-7D20-43DC-8889-2C7725CB9237}"
EndProject
Project("{9A19103F-16F7-4668-BE54-9A1E7A4F7556}") = "SimConnect.net", "SimConnect.net\SimConnect.net.csproj", "{2E5AFEDD-B8B9-41BF-AEB8-C83C7B7B4B37}"
EndProject
Project("{FAE04EC0-301F-11D3-BF4B-00C04F79EFBC}") = "SimConnect.net.Console", "SimConnect.net.Console\SimConnect.net.Console.csproj", "{016B2013-3948-4F9B-825B-9354A559A863}"
EndProject
Global
	GlobalSection(SolutionConfigurationPlatforms) = preSolution
		Debug|Any CPU = Debug|Any CPU
		Release|Any CPU = Release|Any CPU
	EndGlobalSection
	GlobalSection(ProjectConfigurationPlatforms) = postSolution
		{1185A788-7D20-43DC-8889-2C7725CB9237}.Debug|Any CPU.ActiveCfg = Debug|Any CPU
		{1185A788-7D20-43DC-8889-2C7725CB9237}.Debug|Any CPU.Build.0 = Debug|Any CPU
		{1185A788-7D20-43DC-8889-2C7725CB9237}.Release|Any CPU.ActiveCfg = Release|Any CPU
		{1185A788-7D20-43DC-8889-2C7725CB9237}.Release|Any CPU.Build.0 = Release|Any CPU
		{2E5AFEDD-B8B9-41BF-AEB8-C83C7B7B4B37}.Debug|Any CPU.ActiveCfg = Debug|Any CPU
		{2E5AFEDD-B8B9-41BF-AEB8-C83C7B7B4B37}.Debug|Any CPU.Build.0 = Debug|Any CPU
		{2E5AFEDD-B8B9-41BF-AEB8-C83C7B7B4B37}.Release|Any CPU.ActiveCfg = Release|Any CPU
		{2E5AFEDD-B8B9-41BF-AEB8-C83C7B7B4B37}.Release|Any CPU.Build.0 = Release|Any CPU
		{016B2013-3948-4F9B-825B-9354A559A863}.Debug|Any CPU.ActiveCfg = Debug|Any CPU
		{016B2013-3948-4F9B-825B-9354A559A863}.Debug|Any CPU.Build.0 = Debug|Any CPU
		{016B2013-3948-4F9B-825B-9354A559A863}.Release|Any CPU.ActiveCfg = Release|Any CPU
		{016B2013-3948-4F9B-825B-9354A559A863}.Release|Any CPU.Build.0 = Release|Any CPU
	EndGlobalSection
	GlobalSection(SolutionProperties) = preSolution
		HideSolutionNode = FALSE
	EndGlobalSection
	GlobalSection(NestedProjects) = preSolution
		{1185A788-7D20-43DC-8889-2C7725CB9237} = {C6AB3EA7-A811-494E-ADF2-1D923236CEA5}
	EndGlobalSection
	GlobalSection(ExtensibilityGlobals) = postSolution
		SolutionGuid = {27793980-18D0-4108-8210-1283C9C95C08}
	EndGlobalSection
EndGlobal
